
Microsoft Visual Studio Solution File, Format Version 12.00
# Visual Studio Version 17
VisualStudioVersion = 17.7.34202.233
MinimumVisualStudioVersion = 10.0.40219.1
Project("{FAE04EC0-301F-11D3-BF4B-00C04F79EFBC}") = "TestManager", "TestManager\TestManager.csproj", "{DB0A7A31-7F79-4C6F-810C-8D67171B59D8}"
EndProject
Project("{FAE04EC0-301F-11D3-BF4B-00C04F79EFBC}") = "Common", "Common\Common.csproj", "{E5130002-79DC-4839-A48A-0205729C8172}"
EndProject
Project("{FAE04EC0-301F-11D3-BF4B-00C04F79EFBC}") = "TestItem_all", "TestItem_all\TestItem_all.csproj", "{624B3273-23BE-4C3A-A2A5-CB4F0A738AA3}"
EndProject
Project("{FAE04EC0-301F-11D3-BF4B-00C04F79EFBC}") = "TestItem1", "TestItem1\TestItem1.csproj", "{1B895D76-A49B-479C-920F-40F14EBB08BE}"
EndProject
Project("{FAE04EC0-301F-11D3-BF4B-00C04F79EFBC}") = "TestItem2", "TestItem2\TestItem2.csproj", "{F71F8D19-F1F1-493B-8308-B43B76FBFC9E}"
EndProject
Global
	GlobalSection(SolutionConfigurationPlatforms) = preSolution
		Debug|Any CPU = Debug|Any CPU
		Release|Any CPU = Release|Any CPU
	EndGlobalSection
	GlobalSection(ProjectConfigurationPlatforms) = postSolution
		{DB0A7A31-7F79-4C6F-810C-8D67171B59D8}.Debug|Any CPU.ActiveCfg = Debug|Any CPU
		{DB0A7A31-7F79-4C6F-810C-8D67171B59D8}.Debug|Any CPU.Build.0 = Debug|Any CPU
		{DB0A7A31-7F79-4C6F-810C-8D67171B59D8}.Release|Any CPU.ActiveCfg = Release|Any CPU
		{DB0A7A31-7F79-4C6F-810C-8D67171B59D8}.Release|Any CPU.Build.0 = Release|Any CPU
		{E5130002-79DC-4839-A48A-0205729C8172}.Debug|Any CPU.ActiveCfg = Debug|Any CPU
		{E5130002-79DC-4839-A48A-0205729C8172}.Debug|Any CPU.Build.0 = Debug|Any CPU
		{E5130002-79DC-4839-A48A-0205729C8172}.Release|Any CPU.ActiveCfg = Release|Any CPU
		{E5130002-79DC-4839-A48A-0205729C8172}.Release|Any CPU.Build.0 = Release|Any CPU
		{624B3273-23BE-4C3A-A2A5-CB4F0A738AA3}.Debug|Any CPU.ActiveCfg = Debug|Any CPU
		{624B3273-23BE-4C3A-A2A5-CB4F0A738AA3}.Debug|Any CPU.Build.0 = Debug|Any CPU
		{624B3273-23BE-4C3A-A2A5-CB4F0A738AA3}.Release|Any CPU.ActiveCfg = Release|Any CPU
		{624B3273-23BE-4C3A-A2A5-CB4F0A738AA3}.Release|Any CPU.Build.0 = Release|Any CPU
		{1B895D76-A49B-479C-920F-40F14EBB08BE}.Debug|Any CPU.ActiveCfg = Debug|Any CPU
		{1B895D76-A49B-479C-920F-40F14EBB08BE}.Debug|Any CPU.Build.0 = Debug|Any CPU
		{1B895D76-A49B-479C-920F-40F14EBB08BE}.Release|Any CPU.ActiveCfg = Release|Any CPU
		{1B895D76-A49B-479C-920F-40F14EBB08BE}.Release|Any CPU.Build.0 = Release|Any CPU
		{F71F8D19-F1F1-493B-8308-B43B76FBFC9E}.Debug|Any CPU.ActiveCfg = Debug|Any CPU
		{F71F8D19-F1F1-493B-8308-B43B76FBFC9E}.Debug|Any CPU.Build.0 = Debug|Any CPU
		{F71F8D19-F1F1-493B-8308-B43B76FBFC9E}.Release|Any CPU.ActiveCfg = Release|Any CPU
		{F71F8D19-F1F1-493B-8308-B43B76FBFC9E}.Release|Any CPU.Build.0 = Release|Any CPU
	EndGlobalSection
	GlobalSection(SolutionProperties) = preSolution
		HideSolutionNode = FALSE
	EndGlobalSection
	GlobalSection(ExtensibilityGlobals) = postSolution
		SolutionGuid = {C4E4C4F3-19DC-472F-B07D-006C9EA95552}
	EndGlobalSection
EndGlobal
